{
  "nodes": {
    "clj-nix": {
      "inputs": {
        "devshell": "devshell",
        "flake-utils": [
          "flake-utils"
        ],
        "nixpkgs": [
          "nixpkgs"
        ]
      },
      "locked": {
        "lastModified": 1677342613,
        "narHash": "sha256-BqhKj7jQahSVThEwLHt164kJHGx9LXzBARFZaFNLPW8=",
        "owner": "jlesquembre",
        "repo": "clj-nix",
        "rev": "7d9e244ea96988524ba3bd6c2bbafdf0a5340b96",
        "type": "github"
      },
      "original": {
        "owner": "jlesquembre",
        "repo": "clj-nix",
        "type": "github"
      }
    },
    "devshell": {
      "inputs": {
        "flake-utils": [
          "clj-nix",
          "flake-utils"
        ],
        "nixpkgs": [
          "clj-nix",
          "nixpkgs"
        ]
      },
      "locked": {
        "lastModified": 1658746384,
        "narHash": "sha256-CCJcoMOcXyZFrV1ag4XMTpAPjLWb4Anbv+ktXFI1ry0=",
        "owner": "numtide",
        "repo": "devshell",
        "rev": "0ffc7937bb5e8141af03d462b468bd071eb18e1b",
        "type": "github"
      },
      "original": {
        "owner": "numtide",
        "repo": "devshell",
        "type": "github"
      }
    },
    "flake-utils": {
      "locked": {
        "lastModified": 1678901627,
        "narHash": "sha256-U02riOqrKKzwjsxc/400XnElV+UtPUQWpANPlyazjH0=",
        "owner": "numtide",
        "repo": "flake-utils",
        "rev": "93a2b84fc4b70d9e089d029deacc3583435c2ed6",
        "type": "github"
      },
      "original": {
        "owner": "numtide",
        "repo": "flake-utils",
        "type": "github"
      }
    },
    "flake-utils_2": {
      "locked": {
        "lastModified": 1678901627,
        "narHash": "sha256-U02riOqrKKzwjsxc/400XnElV+UtPUQWpANPlyazjH0=",
        "owner": "numtide",
        "repo": "flake-utils",
        "rev": "93a2b84fc4b70d9e089d029deacc3583435c2ed6",
        "type": "github"
      },
      "original": {
        "owner": "numtide",
        "repo": "flake-utils",
        "type": "github"
      }
    },
    "github-linguist": {
      "inputs": {
        "flake-utils": "flake-utils_2",
        "nixpkgs": "nixpkgs"
      },
      "locked": {
        "lastModified": 1681318776,
        "narHash": "sha256-g+g3KjDlz7cFj4PB4gHzhDoEkJmFFlBoAXulANsy20Q=",
        "owner": "slimslenderslacks",
        "repo": "linguist",
        "rev": "ebacbd1d47282adec4322a45f57f8a993b6c75bc",
        "type": "github"
      },
      "original": {
        "owner": "slimslenderslacks",
        "repo": "linguist",
        "type": "github"
      }
    },
    "nixpkgs": {
      "locked": {
        "lastModified": 1680611117,
        "narHash": "sha256-AoqgKzvoBTE+Yawnkqj/IEq1JeIeDrfUqU75vxlSM4E=",
        "owner": "NixOS",
        "repo": "nixpkgs",
        "rev": "bf2543f6d4090ed8df8bdefcaecf09d00f7db9f0",
        "type": "github"
      },
      "original": {
        "owner": "NixOS",
        "ref": "release-22.11",
        "repo": "nixpkgs",
        "type": "github"
      }
    },
    "nixpkgs_2": {
      "locked": {
        "lastModified": 1680724564,
        "narHash": "sha256-eeUUGOTKTelYKDbUxKs0V7GUa186L2fym7jM2QQ4Oss=",
        "owner": "NixOS",
        "repo": "nixpkgs",
        "rev": "36adaa6aaa6b03e59102df0c1b12cdc3f23fd112",
        "type": "github"
      },
      "original": {
        "owner": "NixOS",
        "ref": "release-22.11",
        "repo": "nixpkgs",
        "type": "github"
      }
    },
    "root": {
      "inputs": {
        "clj-nix": "clj-nix",
        "flake-utils": "flake-utils",
        "github-linguist": "github-linguist",
        "nixpkgs": "nixpkgs_2"
      }
    }
  },
  "root": "root",
  "version": 7
}
